PODS:
  - MJRefresh (3.2.3)

DEPENDENCIES:
  - MJRefresh (from `https://github.com/CoderMJLee/MJRefresh`)

EXTERNAL SOURCES:
  MJRefresh:
    :git: https://github.com/CoderMJLee/MJRefresh

CHECKOUT OPTIONS:
  MJRefresh:
    :commit: 54a841b312a473ff72d43b8aac1b726173566fa5
    :git: https://github.com/CoderMJLee/MJRefresh

SPEC CHECKSUMS:
  MJRefresh: 2b1214a2dc8f4df4c5dcb028ea2ad4e245425fb7

PODFILE CHECKSUM: 1d324af13d9bebf3c0ec6e0f97e70145a8658d98

COCOAPODS: 1.7.5
